{
  "version": 4,
  "terraform_version": "1.11.4",
  "serial": 3,
  "lineage": "12e133da-38c6-00aa-49a9-b6aff0536523",
  "outputs": {
    "subnet_cidr_block": {
      "value": "10.2.0.0/24",
      "type": "string"
    },
    "subnet_id": {
      "value": "subnet-03e0fa51bc3d96cf5",
      "type": "string"
    },
    "vpc_cidr_block": {
      "value": "10.2.0.0/16",
      "type": "string"
    },
    "vpc_id": {
      "value": "vpc-0af3ed7021a805137",
      "type": "string"
    }
  },
  "resources": [
    {
      "mode": "managed",
      "type": "aws_subnet",
      "name": "main",
      "provider": "provider[\"registry.terraform.io/hashicorp/aws\"]",
      "instances": [
        {
          "schema_version": 1,
          "attributes": {
            "arn": "arn:aws:ec2:us-east-1:381492204747:subnet/subnet-03e0fa51bc3d96cf5",
            "assign_ipv6_address_on_creation": false,
            "availability_zone": "us-east-1a",
            "availability_zone_id": "use1-az2",
            "cidr_block": "10.2.0.0/24",
            "customer_owned_ipv4_pool": "",
            "enable_dns64": false,
            "enable_lni_at_device_index": 0,
            "enable_resource_name_dns_a_record_on_launch": false,
            "enable_resource_name_dns_aaaa_record_on_launch": false,
            "id": "subnet-03e0fa51bc3d96cf5",
            "ipv6_cidr_block": "",
            "ipv6_cidr_block_association_id": "",
            "ipv6_native": false,
            "map_customer_owned_ip_on_launch": false,
            "map_public_ip_on_launch": true,
            "outpost_arn": "",
            "owner_id": "381492204747",
            "private_dns_hostname_type_on_launch": "ip-name",
            "tags": {
              "Environment": "test",
              "ManagedBy": "Terraform",
              "Name": "subnet-test"
            },
            "tags_all": {
              "Environment": "test",
              "ManagedBy": "Terraform",
              "Name": "subnet-test"
            },
            "timeouts": null,
            "vpc_id": "vpc-0af3ed7021a805137"
          },
          "sensitive_attributes": [],
          "private": "eyJlMmJmYjczMC1lY2FhLTExZTYtOGY4OC0zNDM2M2JjN2M0YzAiOnsiY3JlYXRlIjo2MDAwMDAwMDAwMDAsImRlbGV0ZSI6MTIwMDAwMDAwMDAwMH0sInNjaGVtYV92ZXJzaW9uIjoiMSJ9",
          "dependencies": [
            "aws_vpc.main"
          ]
        }
      ]
    },
    {
      "mode": "managed",
      "type": "aws_vpc",
      "name": "main",
      "provider": "provider[\"registry.terraform.io/hashicorp/aws\"]",
      "instances": [
        {
          "schema_version": 1,
          "attributes": {
            "arn": "arn:aws:ec2:us-east-1:381492204747:vpc/vpc-0af3ed7021a805137",
            "assign_generated_ipv6_cidr_block": false,
            "cidr_block": "10.2.0.0/16",
            "default_network_acl_id": "acl-091059e817f8a76bf",
            "default_route_table_id": "rtb-0df6b4b31ef0bd074",
            "default_security_group_id": "sg-09cc3349377a12365",
            "dhcp_options_id": "dopt-072bc04e6dca58a7a",
            "enable_dns_hostnames": false,
            "enable_dns_support": true,
            "enable_network_address_usage_metrics": false,
            "id": "vpc-0af3ed7021a805137",
            "instance_tenancy": "default",
            "ipv4_ipam_pool_id": null,
            "ipv4_netmask_length": null,
            "ipv6_association_id": "",
            "ipv6_cidr_block": "",
            "ipv6_cidr_block_network_border_group": "",
            "ipv6_ipam_pool_id": "",
            "ipv6_netmask_length": 0,
            "main_route_table_id": "rtb-0df6b4b31ef0bd074",
            "owner_id": "381492204747",
            "tags": {
              "Environment": "test",
              "ManagedBy": "Terraform",
              "Name": "vpc-test"
            },
            "tags_all": {
              "Environment": "test",
              "ManagedBy": "Terraform",
              "Name": "vpc-test"
            }
          },
          "sensitive_attributes": [],
          "private": "eyJzY2hlbWFfdmVyc2lvbiI6IjEifQ=="
        }
      ]
    }
  ],
  "check_results": null
}
